
Microsoft Visual Studio Solution File, Format Version 12.00
# Visual Studio 15
VisualStudioVersion = 15.0.28307.852
MinimumVisualStudioVersion = 10.0.40219.1
Project("{FAE04EC0-301F-11D3-BF4B-00C04F79EFBC}") = "Desktop_View", "Desktop_View\Desktop_View.csproj", "{3AAE4AD7-9808-4B60-B9F1-6CC2588B97A3}"
EndProject
Global
	GlobalSection(SolutionConfigurationPlatforms) = preSolution
		Debug|Any CPU = Debug|Any CPU
		Release|Any CPU = Release|Any CPU
	EndGlobalSection
	GlobalSection(ProjectConfigurationPlatforms) = postSolution
		{3AAE4AD7-9808-4B60-B9F1-6CC2588B97A3}.Debug|Any CPU.ActiveCfg = Debug|Any CPU
		{3AAE4AD7-9808-4B60-B9F1-6CC2588B97A3}.Debug|Any CPU.Build.0 = Debug|Any CPU
		{3AAE4AD7-9808-4B60-B9F1-6CC2588B97A3}.Release|Any CPU.ActiveCfg = Release|Any CPU
		{3AAE4AD7-9808-4B60-B9F1-6CC2588B97A3}.Release|Any CPU.Build.0 = Release|Any CPU
	EndGlobalSection
	GlobalSection(SolutionProperties) = preSolution
		HideSolutionNode = FALSE
	EndGlobalSection
	GlobalSection(ExtensibilityGlobals) = postSolution
		SolutionGuid = {A18AC37D-5EBC-48E6-85EC-6FB05146AC96}
	EndGlobalSection
EndGlobal
